
Microsoft Visual Studio Solution File, Format Version 12.00
# Visual Studio Version 17
VisualStudioVersion = 17.12.35707.178
MinimumVisualStudioVersion = 10.0.40219.1
Project("{FAE04EC0-301F-11D3-BF4B-00C04F79EFBC}") = "BookOrganizer.Api", "BookOrganizer.Api\BookOrganizer.Api.csproj", "{AAEF3B73-569E-403C-A06D-27C357CAB576}"
EndProject
Project("{FAE04EC0-301F-11D3-BF4B-00C04F79EFBC}") = "BookOrganizerAPI.Test", "BookOrganizerAPI.Test\BookOrganizerAPI.Test.csproj", "{C80E18C2-35B6-4DBC-B1C3-A32D91EF7D0C}"
EndProject
Global
	GlobalSection(SolutionConfigurationPlatforms) = preSolution
		Debug|Any CPU = Debug|Any CPU
		Release|Any CPU = Release|Any CPU
	EndGlobalSection
	GlobalSection(ProjectConfigurationPlatforms) = postSolution
		{AAEF3B73-569E-403C-A06D-27C357CAB576}.Debug|Any CPU.ActiveCfg = Debug|Any CPU
		{AAEF3B73-569E-403C-A06D-27C357CAB576}.Debug|Any CPU.Build.0 = Debug|Any CPU
		{AAEF3B73-569E-403C-A06D-27C357CAB576}.Release|Any CPU.ActiveCfg = Release|Any CPU
		{AAEF3B73-569E-403C-A06D-27C357CAB576}.Release|Any CPU.Build.0 = Release|Any CPU
		{C80E18C2-35B6-4DBC-B1C3-A32D91EF7D0C}.Debug|Any CPU.ActiveCfg = Debug|Any CPU
		{C80E18C2-35B6-4DBC-B1C3-A32D91EF7D0C}.Debug|Any CPU.Build.0 = Debug|Any CPU
		{C80E18C2-35B6-4DBC-B1C3-A32D91EF7D0C}.Release|Any CPU.ActiveCfg = Release|Any CPU
		{C80E18C2-35B6-4DBC-B1C3-A32D91EF7D0C}.Release|Any CPU.Build.0 = Release|Any CPU
	EndGlobalSection
	GlobalSection(SolutionProperties) = preSolution
		HideSolutionNode = FALSE
	EndGlobalSection
EndGlobal
